
Microsoft Visual Studio Solution File, Format Version 12.00
# Visual Studio Version 16
VisualStudioVersion = 16.0.31911.196
MinimumVisualStudioVersion = 10.0.40219.1
Project("{FAE04EC0-301F-11D3-BF4B-00C04F79EFBC}") = "WPF-Height-Calculator", "WPF-Height-Calculator\WPF-Height-Calculator.csproj", "{EB38183F-515A-4C13-8CF7-6A6E5202DF8B}"
EndProject
Global
	GlobalSection(SolutionConfigurationPlatforms) = preSolution
		Debug|Any CPU = Debug|Any CPU
		Release|Any CPU = Release|Any CPU
	EndGlobalSection
	GlobalSection(ProjectConfigurationPlatforms) = postSolution
		{EB38183F-515A-4C13-8CF7-6A6E5202DF8B}.Debug|Any CPU.ActiveCfg = Debug|Any CPU
		{EB38183F-515A-4C13-8CF7-6A6E5202DF8B}.Debug|Any CPU.Build.0 = Debug|Any CPU
		{EB38183F-515A-4C13-8CF7-6A6E5202DF8B}.Release|Any CPU.ActiveCfg = Release|Any CPU
		{EB38183F-515A-4C13-8CF7-6A6E5202DF8B}.Release|Any CPU.Build.0 = Release|Any CPU
	EndGlobalSection
	GlobalSection(SolutionProperties) = preSolution
		HideSolutionNode = FALSE
	EndGlobalSection
	GlobalSection(ExtensibilityGlobals) = postSolution
		SolutionGuid = {E51ECEDE-084F-498D-82F7-7FCC2651E43A}
	EndGlobalSection
EndGlobal
